
Microsoft Visual Studio Solution File, Format Version 12.00
# Visual Studio Version 16
VisualStudioVersion = 16.0.30717.126
MinimumVisualStudioVersion = 10.0.40219.1
Project("{2150E333-8FDC-42A3-9474-1A3956D46DE8}") = "Git Files", "Git Files", "{BC1E70DF-0B28-40E2-90FF-8C62B607FE1B}"
	ProjectSection(SolutionItems) = preProject
		.gitattributes = .gitattributes
		.gitignore = .gitignore
		.git\config = .git\config
	EndProjectSection
EndProject
Project("{9A19103F-16F7-4668-BE54-9A1E7A4F7556}") = "libfintx", "libfintx\src\libfintx\libfintx.csproj", "{276F2128-9C39-4023-B688-C22C365129BA}"
EndProject
Project("{9A19103F-16F7-4668-BE54-9A1E7A4F7556}") = "YNAB.SDK", "ynab-sdk\YNAB.SDK\YNAB.SDK.csproj", "{48DE35D7-5615-4B16-97CA-68E900673999}"
EndProject
Project("{9A19103F-16F7-4668-BE54-9A1E7A4F7556}") = "Nrrdio.YnabClient", "Nrrdio.YnabClient\Nrrdio.YnabClient.csproj", "{05A57A66-13C9-49C3-A0AC-4DABDF68B26F}"
EndProject
Project("{9A19103F-16F7-4668-BE54-9A1E7A4F7556}") = "Nrrdio.YnabConsole", "Nrrdio.YnabConsole\Nrrdio.YnabConsole.csproj", "{043B252C-A21C-4495-B94A-C68594CABC23}"
EndProject
Global
	GlobalSection(SolutionConfigurationPlatforms) = preSolution
		Debug|Any CPU = Debug|Any CPU
		Release|Any CPU = Release|Any CPU
	EndGlobalSection
	GlobalSection(ProjectConfigurationPlatforms) = postSolution
		{276F2128-9C39-4023-B688-C22C365129BA}.Debug|Any CPU.ActiveCfg = Debug|Any CPU
		{276F2128-9C39-4023-B688-C22C365129BA}.Debug|Any CPU.Build.0 = Debug|Any CPU
		{276F2128-9C39-4023-B688-C22C365129BA}.Release|Any CPU.ActiveCfg = Release|Any CPU
		{276F2128-9C39-4023-B688-C22C365129BA}.Release|Any CPU.Build.0 = Release|Any CPU
		{48DE35D7-5615-4B16-97CA-68E900673999}.Debug|Any CPU.ActiveCfg = Debug|Any CPU
		{48DE35D7-5615-4B16-97CA-68E900673999}.Debug|Any CPU.Build.0 = Debug|Any CPU
		{48DE35D7-5615-4B16-97CA-68E900673999}.Release|Any CPU.ActiveCfg = Release|Any CPU
		{48DE35D7-5615-4B16-97CA-68E900673999}.Release|Any CPU.Build.0 = Release|Any CPU
		{05A57A66-13C9-49C3-A0AC-4DABDF68B26F}.Debug|Any CPU.ActiveCfg = Debug|Any CPU
		{05A57A66-13C9-49C3-A0AC-4DABDF68B26F}.Debug|Any CPU.Build.0 = Debug|Any CPU
		{05A57A66-13C9-49C3-A0AC-4DABDF68B26F}.Release|Any CPU.ActiveCfg = Release|Any CPU
		{05A57A66-13C9-49C3-A0AC-4DABDF68B26F}.Release|Any CPU.Build.0 = Release|Any CPU
		{043B252C-A21C-4495-B94A-C68594CABC23}.Debug|Any CPU.ActiveCfg = Debug|Any CPU
		{043B252C-A21C-4495-B94A-C68594CABC23}.Debug|Any CPU.Build.0 = Debug|Any CPU
		{043B252C-A21C-4495-B94A-C68594CABC23}.Release|Any CPU.ActiveCfg = Release|Any CPU
		{043B252C-A21C-4495-B94A-C68594CABC23}.Release|Any CPU.Build.0 = Release|Any CPU
	EndGlobalSection
	GlobalSection(SolutionProperties) = preSolution
		HideSolutionNode = FALSE
	EndGlobalSection
	GlobalSection(ExtensibilityGlobals) = postSolution
		SolutionGuid = {22D568DC-BEC9-4D9B-B939-BB01D5E03ADF}
	EndGlobalSection
EndGlobal
